
Microsoft Visual Studio Solution File, Format Version 12.00
# Visual Studio Version 17
VisualStudioVersion = 17.9.34526.213
MinimumVisualStudioVersion = 10.0.40219.1
Project("{FAE04EC0-301F-11D3-BF4B-00C04F79EFBC}") = "PortfolioProjectNight", "PortfolioProjectNight\PortfolioProjectNight.csproj", "{2E50A1B5-78B1-47AA-BF2C-A946B69B45FA}"
EndProject
Global
	GlobalSection(SolutionConfigurationPlatforms) = preSolution
		Debug|Any CPU = Debug|Any CPU
		Release|Any CPU = Release|Any CPU
	EndGlobalSection
	GlobalSection(ProjectConfigurationPlatforms) = postSolution
		{2E50A1B5-78B1-47AA-BF2C-A946B69B45FA}.Debug|Any CPU.ActiveCfg = Debug|Any CPU
		{2E50A1B5-78B1-47AA-BF2C-A946B69B45FA}.Debug|Any CPU.Build.0 = Debug|Any CPU
		{2E50A1B5-78B1-47AA-BF2C-A946B69B45FA}.Release|Any CPU.ActiveCfg = Release|Any CPU
		{2E50A1B5-78B1-47AA-BF2C-A946B69B45FA}.Release|Any CPU.Build.0 = Release|Any CPU
	EndGlobalSection
	GlobalSection(SolutionProperties) = preSolution
		HideSolutionNode = FALSE
	EndGlobalSection
	GlobalSection(ExtensibilityGlobals) = postSolution
		SolutionGuid = {62F57448-D54C-4885-8984-11D7C9784EE4}
	EndGlobalSection
EndGlobal
